Microsoft Visual Studio Solution File, Format Version 12.00
# Visual Studio 14
VisualStudioVersion = 14.0.25420.1
MinimumVisualStudioVersion = 10.0.40219.1
Project("{FAE04EC0-301F-11D3-BF4B-00C04F79EFBC}") = "DedicatedServer", "Server\DedicatedServer.csproj", "{BFE5E240-4223-423E-B999-819C2837FC5F}"
EndProject
Global
	GlobalSection(SolutionConfigurationPlatforms) = preSolution
		Debug|anycpu = Debug|anycpu
		Release|anycpu = Release|anycpu
	EndGlobalSection
	GlobalSection(ProjectConfigurationPlatforms) = postSolution
		{BFE5E240-4223-423E-B999-819C2837FC5F}.Debug|anycpu.ActiveCfg = Debug|Any CPU
		{BFE5E240-4223-423E-B999-819C2837FC5F}.Debug|anycpu.Build.0 = Debug|Any CPU
		{BFE5E240-4223-423E-B999-819C2837FC5F}.Release|anycpu.ActiveCfg = Release|Any CPU
		{BFE5E240-4223-423E-B999-819C2837FC5F}.Release|anycpu.Build.0 = Release|Any CPU
	EndGlobalSection
	GlobalSection(SolutionProperties) = preSolution
		HideSolutionNode = FALSE
	EndGlobalSection
EndGlobal
